
Microsoft Visual Studio Solution File, Format Version 12.00
# Visual Studio Version 17
VisualStudioVersion = 17.4.33213.308
MinimumVisualStudioVersion = 10.0.40219.1
Project("{2150E333-8FDC-42A3-9474-1A3956D46DE8}") = "Instructions", "Instructions", "{BE774291-A689-402F-937E-8E2000CA1FD9}"
EndProject
Project("{8BC9CEB8-8B4A-11D0-8D11-00A0C91BC942}") = "xlat", "Instructions\xlat\xlat.vcxproj", "{17A06DD5-6664-4F91-BD2D-6311EACAD809}"
EndProject
Project("{8BC9CEB8-8B4A-11D0-8D11-00A0C91BC942}") = "adc", "Instructions\adc\adc.vcxproj", "{691DCDFA-ABE9-406A-A9E9-C8AEEBE25B7D}"
EndProject
Project("{8BC9CEB8-8B4A-11D0-8D11-00A0C91BC942}") = "adcx_adox", "Instructions\adcx_adox\adcx_adox.vcxproj", "{E36D42C8-54BB-468A-AFA4-7C8A820DB677}"
EndProject
Project("{8BC9CEB8-8B4A-11D0-8D11-00A0C91BC942}") = "add", "Instructions\add\add.vcxproj", "{0658E7E2-7887-4D9D-9157-C2E8BBFE2671}"
EndProject
Project("{8BC9CEB8-8B4A-11D0-8D11-00A0C91BC942}") = "mov", "Instructions\mov\mov.vcxproj", "{192F207C-4A42-4F08-A07A-E267A0A48D56}"
EndProject
Project("{8BC9CEB8-8B4A-11D0-8D11-00A0C91BC942}") = "xor", "Instructions\xor\xor.vcxproj", "{DCFCE4C8-73D8-4B07-9EA7-A911E51DED66}"
EndProject
Project("{8BC9CEB8-8B4A-11D0-8D11-00A0C91BC942}") = "shl_shr_sal_sar", "Instructions\shl_shr_sal_sar\shl_shr_sal_sar.vcxproj", "{3211D04B-9330-432A-96A6-6ADDB21791CD}"
EndProject
Project("{8BC9CEB8-8B4A-11D0-8D11-00A0C91BC942}") = "addps_addpd", "Instructions\addps_addpd\addps_addpd.vcxproj", "{C0DEE7C4-5E8B-4F26-B135-8A0112424827}"
EndProject
Project("{8BC9CEB8-8B4A-11D0-8D11-00A0C91BC942}") = "addss_addsd", "Instructions\addss_addsd\addss_addsd.vcxproj", "{21F7C490-0EDB-453B-A1DA-85378257F808}"
EndProject
Project("{8BC9CEB8-8B4A-11D0-8D11-00A0C91BC942}") = "addsubps_addsubpd", "Instructions\addsubps_addsubpd\addsubps_addsubpd.vcxproj", "{7C832253-7C9D-4F49-AAF9-82FFAA87D207}"
EndProject
Project("{8BC9CEB8-8B4A-11D0-8D11-00A0C91BC942}") = "and_andn", "Instructions\and_andn\and_andn.vcxproj", "{B745D075-0A90-47B7-B3BD-2FFB8F8EB9D7}"
EndProject
Project("{8BC9CEB8-8B4A-11D0-8D11-00A0C91BC942}") = "movdqa_movdqu_movaps_movups_movapd_movupd", "Instructions\movdqa_movdqu_movaps_movups_movapd_movupd\movdqa_movdqu_movaps_movups_movapd_movupd.vcxproj", "{77C8CBB5-4405-41D0-8F6E-9C7629A41F69}"
EndProject
Project("{8BC9CEB8-8B4A-11D0-8D11-00A0C91BC942}") = "movd_movq", "Instructions\movd_movq\movd_movq.vcxproj", "{FB4041F6-D00A-4DCE-9126-62F7E2BCE859}"
EndProject
Project("{8BC9CEB8-8B4A-11D0-8D11-00A0C91BC942}") = "andps_andpd_andnps_andnpd_pand_pandn", "Instructions\andps_andpd_andnps_andnpd_pand_pandn\andps_andpd_andnps_andnpd_pand_pandn.vcxproj", "{C445833D-747B-434D-BCE9-11551E303696}"
EndProject
Project("{8BC9CEB8-8B4A-11D0-8D11-00A0C91BC942}") = "blendps_blendpd_blendvps_blendvpd_pblendvb_pblendw_vpblendd", "Instructions\blendps_blendpd_blendvps_blendvpd_pblendvb_pblendw_vpblendd\blendps_blendpd_blendvps_blendvpd_pblendvb_pblendw_vpblendd.vcxproj", "{94FBF119-E4FE-4148-ADB4-525AD753FB6F}"
EndProject
Project("{8BC9CEB8-8B4A-11D0-8D11-00A0C91BC942}") = "bsf_bsr", "Instructions\bsf_bsr\bsf_bsr.vcxproj", "{8067E6FF-7059-4FB4-A37A-54AD1686760C}"
EndProject
Project("{8BC9CEB8-8B4A-11D0-8D11-00A0C91BC942}") = "bswap", "Instructions\bswap\bswap.vcxproj", "{E6E9C107-1722-47FB-874B-DB63A45784DA}"
EndProject
Project("{8BC9CEB8-8B4A-11D0-8D11-00A0C91BC942}") = "call_ret", "Instructions\call_ret\call_ret.vcxproj", "{0B15291D-81DE-45F0-A7DD-D13A177B0BD3}"
EndProject
Project("{8BC9CEB8-8B4A-11D0-8D11-00A0C91BC942}") = "cbw_cwde_cdqe", "Instructions\cbw_cwde_cdqe\cbw_cwde_cdqe.vcxproj", "{775DAD5F-003C-4E93-AD3A-A7951135C794}"
EndProject
Project("{8BC9CEB8-8B4A-11D0-8D11-00A0C91BC942}") = "movs_stos_cmps_scas_cld_std", "Instructions\movs_stos_cmps_scas_cld_std\movs_stos_cmps_scas_cld_std.vcxproj", "{8B84FA09-E944-4B44-B605-058042F53017}"
EndProject
Project("{2150E333-8FDC-42A3-9474-1A3956D46DE8}") = "Examples", "Examples", "{B7269E36-3B02-46C1-8AC8-9A75D34B9187}"
EndProject
Project("{8BC9CEB8-8B4A-11D0-8D11-00A0C91BC942}") = "Example1", "Examples\Example1\Example1.vcxproj", "{DDF148FB-D1B1-4197-A38D-31C6E3DB5E22}"
EndProject
Project("{8BC9CEB8-8B4A-11D0-8D11-00A0C91BC942}") = "rdtsc_rdtscp_clflush_clflushopt", "Instructions\rdtsc_rdtscp_clflush_clflushopt\rdtsc_rdtscp_clflush_clflushopt.vcxproj", "{2280874D-485E-4748-940A-0CDAAA86C864}"
EndProject
Project("{8BC9CEB8-8B4A-11D0-8D11-00A0C91BC942}") = "cmovcc", "Instructions\cmovcc\cmovcc.vcxproj", "{B578F01E-F55E-49A4-A630-171153FE1F27}"
EndProject
Project("{8BC9CEB8-8B4A-11D0-8D11-00A0C91BC942}") = "cmp_test", "Instructions\cmp_test\cmp_test.vcxproj", "{A56B7BEF-3337-4B10-AB32-627EE1458A4A}"
EndProject
Project("{8BC9CEB8-8B4A-11D0-8D11-00A0C91BC942}") = "cmpps_cmppd", "Instructions\cmpps_cmppd\cmpps_cmppd.vcxproj", "{CC2D792D-3312-4AF1-88F7-C7463EEA81F6}"
EndProject
Project("{2150E333-8FDC-42A3-9474-1A3956D46DE8}") = "SIMD", "SIMD", "{D7A13B5C-BE2A-4D41-97A8-926D77618608}"
EndProject
Project("{2150E333-8FDC-42A3-9474-1A3956D46DE8}") = "Scalar", "Scalar", "{C3C0A640-8AC6-40FA-91EA-62AC092D3FEF}"
EndProject
Project("{8BC9CEB8-8B4A-11D0-8D11-00A0C91BC942}") = "cmpss_cmpsd", "Instructions\cmpss_cmpsd\cmpss_cmpsd.vcxproj", "{512A0D2B-33B0-4089-BC21-EDC32DD0BE40}"
EndProject
Project("{8BC9CEB8-8B4A-11D0-8D11-00A0C91BC942}") = "cmpxchg_xchg_xadd_pause", "Instructions\cmpxchg_xchg_xadd_pause\cmpxchg_xchg_xadd_pause.vcxproj", "{7653A93D-9F28-4670-A266-FBA5FB34C1E5}"
EndProject
Project("{8BC9CEB8-8B4A-11D0-8D11-00A0C91BC942}") = "mul_mulx_imul", "Instructions\mul_mulx_imul\mul_mulx_imul.vcxproj", "{0C39C85C-869C-4A9E-996C-331E90DBAE09}"
EndProject
Project("{8BC9CEB8-8B4A-11D0-8D11-00A0C91BC942}") = "comiss_comisd", "Instructions\comiss_comisd\comiss_comisd.vcxproj", "{758E5283-D784-4D24-8058-8795EA138B26}"
EndProject
Global
	GlobalSection(SolutionConfigurationPlatforms) = preSolution
		Debug|x64 = Debug|x64
		Debug|x86 = Debug|x86
		Release|x64 = Release|x64
		Release|x86 = Release|x86
	EndGlobalSection
	GlobalSection(ProjectConfigurationPlatforms) = postSolution
		{17A06DD5-6664-4F91-BD2D-6311EACAD809}.Debug|x64.ActiveCfg = Debug|x64
		{17A06DD5-6664-4F91-BD2D-6311EACAD809}.Debug|x64.Build.0 = Debug|x64
		{17A06DD5-6664-4F91-BD2D-6311EACAD809}.Debug|x86.ActiveCfg = Debug|Win32
		{17A06DD5-6664-4F91-BD2D-6311EACAD809}.Debug|x86.Build.0 = Debug|Win32
		{17A06DD5-6664-4F91-BD2D-6311EACAD809}.Release|x64.ActiveCfg = Release|x64
		{17A06DD5-6664-4F91-BD2D-6311EACAD809}.Release|x64.Build.0 = Release|x64
		{17A06DD5-6664-4F91-BD2D-6311EACAD809}.Release|x86.ActiveCfg = Release|Win32
		{17A06DD5-6664-4F91-BD2D-6311EACAD809}.Release|x86.Build.0 = Release|Win32
		{691DCDFA-ABE9-406A-A9E9-C8AEEBE25B7D}.Debug|x64.ActiveCfg = Debug|x64
		{691DCDFA-ABE9-406A-A9E9-C8AEEBE25B7D}.Debug|x64.Build.0 = Debug|x64
		{691DCDFA-ABE9-406A-A9E9-C8AEEBE25B7D}.Debug|x86.ActiveCfg = Debug|Win32
		{691DCDFA-ABE9-406A-A9E9-C8AEEBE25B7D}.Debug|x86.Build.0 = Debug|Win32
		{691DCDFA-ABE9-406A-A9E9-C8AEEBE25B7D}.Release|x64.ActiveCfg = Release|x64
		{691DCDFA-ABE9-406A-A9E9-C8AEEBE25B7D}.Release|x64.Build.0 = Release|x64
		{691DCDFA-ABE9-406A-A9E9-C8AEEBE25B7D}.Release|x86.ActiveCfg = Release|Win32
		{691DCDFA-ABE9-406A-A9E9-C8AEEBE25B7D}.Release|x86.Build.0 = Release|Win32
		{E36D42C8-54BB-468A-AFA4-7C8A820DB677}.Debug|x64.ActiveCfg = Debug|x64
		{E36D42C8-54BB-468A-AFA4-7C8A820DB677}.Debug|x64.Build.0 = Debug|x64
		{E36D42C8-54BB-468A-AFA4-7C8A820DB677}.Debug|x86.ActiveCfg = Debug|Win32
		{E36D42C8-54BB-468A-AFA4-7C8A820DB677}.Debug|x86.Build.0 = Debug|Win32
		{E36D42C8-54BB-468A-AFA4-7C8A820DB677}.Release|x64.ActiveCfg = Release|x64
		{E36D42C8-54BB-468A-AFA4-7C8A820DB677}.Release|x64.Build.0 = Release|x64
		{E36D42C8-54BB-468A-AFA4-7C8A820DB677}.Release|x86.ActiveCfg = Release|Win32
		{E36D42C8-54BB-468A-AFA4-7C8A820DB677}.Release|x86.Build.0 = Release|Win32
		{0658E7E2-7887-4D9D-9157-C2E8BBFE2671}.Debug|x64.ActiveCfg = Debug|x64
		{0658E7E2-7887-4D9D-9157-C2E8BBFE2671}.Debug|x64.Build.0 = Debug|x64
		{0658E7E2-7887-4D9D-9157-C2E8BBFE2671}.Debug|x86.ActiveCfg = Debug|Win32
		{0658E7E2-7887-4D9D-9157-C2E8BBFE2671}.Debug|x86.Build.0 = Debug|Win32
		{0658E7E2-7887-4D9D-9157-C2E8BBFE2671}.Release|x64.ActiveCfg = Release|x64
		{0658E7E2-7887-4D9D-9157-C2E8BBFE2671}.Release|x64.Build.0 = Release|x64
		{0658E7E2-7887-4D9D-9157-C2E8BBFE2671}.Release|x86.ActiveCfg = Release|Win32
		{0658E7E2-7887-4D9D-9157-C2E8BBFE2671}.Release|x86.Build.0 = Release|Win32
		{192F207C-4A42-4F08-A07A-E267A0A48D56}.Debug|x64.ActiveCfg = Debug|x64
		{192F207C-4A42-4F08-A07A-E267A0A48D56}.Debug|x64.Build.0 = Debug|x64
		{192F207C-4A42-4F08-A07A-E267A0A48D56}.Debug|x86.ActiveCfg = Debug|Win32
		{192F207C-4A42-4F08-A07A-E267A0A48D56}.Debug|x86.Build.0 = Debug|Win32
		{192F207C-4A42-4F08-A07A-E267A0A48D56}.Release|x64.ActiveCfg = Release|x64
		{192F207C-4A42-4F08-A07A-E267A0A48D56}.Release|x64.Build.0 = Release|x64
		{192F207C-4A42-4F08-A07A-E267A0A48D56}.Release|x86.ActiveCfg = Release|Win32
		{192F207C-4A42-4F08-A07A-E267A0A48D56}.Release|x86.Build.0 = Release|Win32
		{DCFCE4C8-73D8-4B07-9EA7-A911E51DED66}.Debug|x64.ActiveCfg = Debug|x64
		{DCFCE4C8-73D8-4B07-9EA7-A911E51DED66}.Debug|x64.Build.0 = Debug|x64
		{DCFCE4C8-73D8-4B07-9EA7-A911E51DED66}.Debug|x86.ActiveCfg = Debug|Win32
		{DCFCE4C8-73D8-4B07-9EA7-A911E51DED66}.Debug|x86.Build.0 = Debug|Win32
		{DCFCE4C8-73D8-4B07-9EA7-A911E51DED66}.Release|x64.ActiveCfg = Release|x64
		{DCFCE4C8-73D8-4B07-9EA7-A911E51DED66}.Release|x64.Build.0 = Release|x64
		{DCFCE4C8-73D8-4B07-9EA7-A911E51DED66}.Release|x86.ActiveCfg = Release|Win32
		{DCFCE4C8-73D8-4B07-9EA7-A911E51DED66}.Release|x86.Build.0 = Release|Win32
		{3211D04B-9330-432A-96A6-6ADDB21791CD}.Debug|x64.ActiveCfg = Debug|x64
		{3211D04B-9330-432A-96A6-6ADDB21791CD}.Debug|x64.Build.0 = Debug|x64
		{3211D04B-9330-432A-96A6-6ADDB21791CD}.Debug|x86.ActiveCfg = Debug|Win32
		{3211D04B-9330-432A-96A6-6ADDB21791CD}.Debug|x86.Build.0 = Debug|Win32
		{3211D04B-9330-432A-96A6-6ADDB21791CD}.Release|x64.ActiveCfg = Release|x64
		{3211D04B-9330-432A-96A6-6ADDB21791CD}.Release|x64.Build.0 = Release|x64
		{3211D04B-9330-432A-96A6-6ADDB21791CD}.Release|x86.ActiveCfg = Release|Win32
		{3211D04B-9330-432A-96A6-6ADDB21791CD}.Release|x86.Build.0 = Release|Win32
		{C0DEE7C4-5E8B-4F26-B135-8A0112424827}.Debug|x64.ActiveCfg = Debug|x64
		{C0DEE7C4-5E8B-4F26-B135-8A0112424827}.Debug|x64.Build.0 = Debug|x64
		{C0DEE7C4-5E8B-4F26-B135-8A0112424827}.Debug|x86.ActiveCfg = Debug|Win32
		{C0DEE7C4-5E8B-4F26-B135-8A0112424827}.Debug|x86.Build.0 = Debug|Win32
		{C0DEE7C4-5E8B-4F26-B135-8A0112424827}.Release|x64.ActiveCfg = Release|x64
		{C0DEE7C4-5E8B-4F26-B135-8A0112424827}.Release|x64.Build.0 = Release|x64
		{C0DEE7C4-5E8B-4F26-B135-8A0112424827}.Release|x86.ActiveCfg = Release|Win32
		{C0DEE7C4-5E8B-4F26-B135-8A0112424827}.Release|x86.Build.0 = Release|Win32
		{21F7C490-0EDB-453B-A1DA-85378257F808}.Debug|x64.ActiveCfg = Debug|x64
		{21F7C490-0EDB-453B-A1DA-85378257F808}.Debug|x64.Build.0 = Debug|x64
		{21F7C490-0EDB-453B-A1DA-85378257F808}.Debug|x86.ActiveCfg = Debug|Win32
		{21F7C490-0EDB-453B-A1DA-85378257F808}.Debug|x86.Build.0 = Debug|Win32
		{21F7C490-0EDB-453B-A1DA-85378257F808}.Release|x64.ActiveCfg = Release|x64
		{21F7C490-0EDB-453B-A1DA-85378257F808}.Release|x64.Build.0 = Release|x64
		{21F7C490-0EDB-453B-A1DA-85378257F808}.Release|x86.ActiveCfg = Release|Win32
		{21F7C490-0EDB-453B-A1DA-85378257F808}.Release|x86.Build.0 = Release|Win32
		{7C832253-7C9D-4F49-AAF9-82FFAA87D207}.Debug|x64.ActiveCfg = Debug|x64
		{7C832253-7C9D-4F49-AAF9-82FFAA87D207}.Debug|x64.Build.0 = Debug|x64
		{7C832253-7C9D-4F49-AAF9-82FFAA87D207}.Debug|x86.ActiveCfg = Debug|Win32
		{7C832253-7C9D-4F49-AAF9-82FFAA87D207}.Debug|x86.Build.0 = Debug|Win32
		{7C832253-7C9D-4F49-AAF9-82FFAA87D207}.Release|x64.ActiveCfg = Release|x64
		{7C832253-7C9D-4F49-AAF9-82FFAA87D207}.Release|x64.Build.0 = Release|x64
		{7C832253-7C9D-4F49-AAF9-82FFAA87D207}.Release|x86.ActiveCfg = Release|Win32
		{7C832253-7C9D-4F49-AAF9-82FFAA87D207}.Release|x86.Build.0 = Release|Win32
		{B745D075-0A90-47B7-B3BD-2FFB8F8EB9D7}.Debug|x64.ActiveCfg = Debug|x64
		{B745D075-0A90-47B7-B3BD-2FFB8F8EB9D7}.Debug|x64.Build.0 = Debug|x64
		{B745D075-0A90-47B7-B3BD-2FFB8F8EB9D7}.Debug|x86.ActiveCfg = Debug|Win32
		{B745D075-0A90-47B7-B3BD-2FFB8F8EB9D7}.Debug|x86.Build.0 = Debug|Win32
		{B745D075-0A90-47B7-B3BD-2FFB8F8EB9D7}.Release|x64.ActiveCfg = Release|x64
		{B745D075-0A90-47B7-B3BD-2FFB8F8EB9D7}.Release|x64.Build.0 = Release|x64
		{B745D075-0A90-47B7-B3BD-2FFB8F8EB9D7}.Release|x86.ActiveCfg = Release|Win32
		{B745D075-0A90-47B7-B3BD-2FFB8F8EB9D7}.Release|x86.Build.0 = Release|Win32
		{77C8CBB5-4405-41D0-8F6E-9C7629A41F69}.Debug|x64.ActiveCfg = Debug|x64
		{77C8CBB5-4405-41D0-8F6E-9C7629A41F69}.Debug|x64.Build.0 = Debug|x64
		{77C8CBB5-4405-41D0-8F6E-9C7629A41F69}.Debug|x86.ActiveCfg = Debug|Win32
		{77C8CBB5-4405-41D0-8F6E-9C7629A41F69}.Debug|x86.Build.0 = Debug|Win32
		{77C8CBB5-4405-41D0-8F6E-9C7629A41F69}.Release|x64.ActiveCfg = Release|x64
		{77C8CBB5-4405-41D0-8F6E-9C7629A41F69}.Release|x64.Build.0 = Release|x64
		{77C8CBB5-4405-41D0-8F6E-9C7629A41F69}.Release|x86.ActiveCfg = Release|Win32
		{77C8CBB5-4405-41D0-8F6E-9C7629A41F69}.Release|x86.Build.0 = Release|Win32
		{FB4041F6-D00A-4DCE-9126-62F7E2BCE859}.Debug|x64.ActiveCfg = Debug|x64
		{FB4041F6-D00A-4DCE-9126-62F7E2BCE859}.Debug|x64.Build.0 = Debug|x64
		{FB4041F6-D00A-4DCE-9126-62F7E2BCE859}.Debug|x86.ActiveCfg = Debug|Win32
		{FB4041F6-D00A-4DCE-9126-62F7E2BCE859}.Debug|x86.Build.0 = Debug|Win32
		{FB4041F6-D00A-4DCE-9126-62F7E2BCE859}.Release|x64.ActiveCfg = Release|x64
		{FB4041F6-D00A-4DCE-9126-62F7E2BCE859}.Release|x64.Build.0 = Release|x64
		{FB4041F6-D00A-4DCE-9126-62F7E2BCE859}.Release|x86.ActiveCfg = Release|Win32
		{FB4041F6-D00A-4DCE-9126-62F7E2BCE859}.Release|x86.Build.0 = Release|Win32
		{C445833D-747B-434D-BCE9-11551E303696}.Debug|x64.ActiveCfg = Debug|x64
		{C445833D-747B-434D-BCE9-11551E303696}.Debug|x64.Build.0 = Debug|x64
		{C445833D-747B-434D-BCE9-11551E303696}.Debug|x86.ActiveCfg = Debug|Win32
		{C445833D-747B-434D-BCE9-11551E303696}.Debug|x86.Build.0 = Debug|Win32
		{C445833D-747B-434D-BCE9-11551E303696}.Release|x64.ActiveCfg = Release|x64
		{C445833D-747B-434D-BCE9-11551E303696}.Release|x64.Build.0 = Release|x64
		{C445833D-747B-434D-BCE9-11551E303696}.Release|x86.ActiveCfg = Release|Win32
		{C445833D-747B-434D-BCE9-11551E303696}.Release|x86.Build.0 = Release|Win32
		{94FBF119-E4FE-4148-ADB4-525AD753FB6F}.Debug|x64.ActiveCfg = Debug|x64
		{94FBF119-E4FE-4148-ADB4-525AD753FB6F}.Debug|x64.Build.0 = Debug|x64
		{94FBF119-E4FE-4148-ADB4-525AD753FB6F}.Debug|x86.ActiveCfg = Debug|Win32
		{94FBF119-E4FE-4148-ADB4-525AD753FB6F}.Debug|x86.Build.0 = Debug|Win32
		{94FBF119-E4FE-4148-ADB4-525AD753FB6F}.Release|x64.ActiveCfg = Release|x64
		{94FBF119-E4FE-4148-ADB4-525AD753FB6F}.Release|x64.Build.0 = Release|x64
		{94FBF119-E4FE-4148-ADB4-525AD753FB6F}.Release|x86.ActiveCfg = Release|Win32
		{94FBF119-E4FE-4148-ADB4-525AD753FB6F}.Release|x86.Build.0 = Release|Win32
		{8067E6FF-7059-4FB4-A37A-54AD1686760C}.Debug|x64.ActiveCfg = Debug|x64
		{8067E6FF-7059-4FB4-A37A-54AD1686760C}.Debug|x64.Build.0 = Debug|x64
		{8067E6FF-7059-4FB4-A37A-54AD1686760C}.Debug|x86.ActiveCfg = Debug|Win32
		{8067E6FF-7059-4FB4-A37A-54AD1686760C}.Debug|x86.Build.0 = Debug|Win32
		{8067E6FF-7059-4FB4-A37A-54AD1686760C}.Release|x64.ActiveCfg = Release|x64
		{8067E6FF-7059-4FB4-A37A-54AD1686760C}.Release|x64.Build.0 = Release|x64
		{8067E6FF-7059-4FB4-A37A-54AD1686760C}.Release|x86.ActiveCfg = Release|Win32
		{8067E6FF-7059-4FB4-A37A-54AD1686760C}.Release|x86.Build.0 = Release|Win32
		{E6E9C107-1722-47FB-874B-DB63A45784DA}.Debug|x64.ActiveCfg = Debug|x64
		{E6E9C107-1722-47FB-874B-DB63A45784DA}.Debug|x64.Build.0 = Debug|x64
		{E6E9C107-1722-47FB-874B-DB63A45784DA}.Debug|x86.ActiveCfg = Debug|Win32
		{E6E9C107-1722-47FB-874B-DB63A45784DA}.Debug|x86.Build.0 = Debug|Win32
		{E6E9C107-1722-47FB-874B-DB63A45784DA}.Release|x64.ActiveCfg = Release|x64
		{E6E9C107-1722-47FB-874B-DB63A45784DA}.Release|x64.Build.0 = Release|x64
		{E6E9C107-1722-47FB-874B-DB63A45784DA}.Release|x86.ActiveCfg = Release|Win32
		{E6E9C107-1722-47FB-874B-DB63A45784DA}.Release|x86.Build.0 = Release|Win32
		{0B15291D-81DE-45F0-A7DD-D13A177B0BD3}.Debug|x64.ActiveCfg = Debug|x64
		{0B15291D-81DE-45F0-A7DD-D13A177B0BD3}.Debug|x64.Build.0 = Debug|x64
		{0B15291D-81DE-45F0-A7DD-D13A177B0BD3}.Debug|x86.ActiveCfg = Debug|Win32
		{0B15291D-81DE-45F0-A7DD-D13A177B0BD3}.Debug|x86.Build.0 = Debug|Win32
		{0B15291D-81DE-45F0-A7DD-D13A177B0BD3}.Release|x64.ActiveCfg = Release|x64
		{0B15291D-81DE-45F0-A7DD-D13A177B0BD3}.Release|x64.Build.0 = Release|x64
		{0B15291D-81DE-45F0-A7DD-D13A177B0BD3}.Release|x86.ActiveCfg = Release|Win32
		{0B15291D-81DE-45F0-A7DD-D13A177B0BD3}.Release|x86.Build.0 = Release|Win32
		{775DAD5F-003C-4E93-AD3A-A7951135C794}.Debug|x64.ActiveCfg = Debug|x64
		{775DAD5F-003C-4E93-AD3A-A7951135C794}.Debug|x64.Build.0 = Debug|x64
		{775DAD5F-003C-4E93-AD3A-A7951135C794}.Debug|x86.ActiveCfg = Debug|Win32
		{775DAD5F-003C-4E93-AD3A-A7951135C794}.Debug|x86.Build.0 = Debug|Win32
		{775DAD5F-003C-4E93-AD3A-A7951135C794}.Release|x64.ActiveCfg = Release|x64
		{775DAD5F-003C-4E93-AD3A-A7951135C794}.Release|x64.Build.0 = Release|x64
		{775DAD5F-003C-4E93-AD3A-A7951135C794}.Release|x86.ActiveCfg = Release|Win32
		{775DAD5F-003C-4E93-AD3A-A7951135C794}.Release|x86.Build.0 = Release|Win32
		{8B84FA09-E944-4B44-B605-058042F53017}.Debug|x64.ActiveCfg = Debug|x64
		{8B84FA09-E944-4B44-B605-058042F53017}.Debug|x64.Build.0 = Debug|x64
		{8B84FA09-E944-4B44-B605-058042F53017}.Debug|x86.ActiveCfg = Debug|Win32
		{8B84FA09-E944-4B44-B605-058042F53017}.Debug|x86.Build.0 = Debug|Win32
		{8B84FA09-E944-4B44-B605-058042F53017}.Release|x64.ActiveCfg = Release|x64
		{8B84FA09-E944-4B44-B605-058042F53017}.Release|x64.Build.0 = Release|x64
		{8B84FA09-E944-4B44-B605-058042F53017}.Release|x86.ActiveCfg = Release|Win32
		{8B84FA09-E944-4B44-B605-058042F53017}.Release|x86.Build.0 = Release|Win32
		{DDF148FB-D1B1-4197-A38D-31C6E3DB5E22}.Debug|x64.ActiveCfg = Debug|x64
		{DDF148FB-D1B1-4197-A38D-31C6E3DB5E22}.Debug|x64.Build.0 = Debug|x64
		{DDF148FB-D1B1-4197-A38D-31C6E3DB5E22}.Debug|x86.ActiveCfg = Debug|Win32
		{DDF148FB-D1B1-4197-A38D-31C6E3DB5E22}.Debug|x86.Build.0 = Debug|Win32
		{DDF148FB-D1B1-4197-A38D-31C6E3DB5E22}.Release|x64.ActiveCfg = Release|x64
		{DDF148FB-D1B1-4197-A38D-31C6E3DB5E22}.Release|x64.Build.0 = Release|x64
		{DDF148FB-D1B1-4197-A38D-31C6E3DB5E22}.Release|x86.ActiveCfg = Release|Win32
		{DDF148FB-D1B1-4197-A38D-31C6E3DB5E22}.Release|x86.Build.0 = Release|Win32
		{2280874D-485E-4748-940A-0CDAAA86C864}.Debug|x64.ActiveCfg = Debug|x64
		{2280874D-485E-4748-940A-0CDAAA86C864}.Debug|x64.Build.0 = Debug|x64
		{2280874D-485E-4748-940A-0CDAAA86C864}.Debug|x86.ActiveCfg = Debug|Win32
		{2280874D-485E-4748-940A-0CDAAA86C864}.Debug|x86.Build.0 = Debug|Win32
		{2280874D-485E-4748-940A-0CDAAA86C864}.Release|x64.ActiveCfg = Release|x64
		{2280874D-485E-4748-940A-0CDAAA86C864}.Release|x64.Build.0 = Release|x64
		{2280874D-485E-4748-940A-0CDAAA86C864}.Release|x86.ActiveCfg = Release|Win32
		{2280874D-485E-4748-940A-0CDAAA86C864}.Release|x86.Build.0 = Release|Win32
		{B578F01E-F55E-49A4-A630-171153FE1F27}.Debug|x64.ActiveCfg = Debug|x64
		{B578F01E-F55E-49A4-A630-171153FE1F27}.Debug|x64.Build.0 = Debug|x64
		{B578F01E-F55E-49A4-A630-171153FE1F27}.Debug|x86.ActiveCfg = Debug|Win32
		{B578F01E-F55E-49A4-A630-171153FE1F27}.Debug|x86.Build.0 = Debug|Win32
		{B578F01E-F55E-49A4-A630-171153FE1F27}.Release|x64.ActiveCfg = Release|x64
		{B578F01E-F55E-49A4-A630-171153FE1F27}.Release|x64.Build.0 = Release|x64
		{B578F01E-F55E-49A4-A630-171153FE1F27}.Release|x86.ActiveCfg = Release|Win32
		{B578F01E-F55E-49A4-A630-171153FE1F27}.Release|x86.Build.0 = Release|Win32
		{A56B7BEF-3337-4B10-AB32-627EE1458A4A}.Debug|x64.ActiveCfg = Debug|x64
		{A56B7BEF-3337-4B10-AB32-627EE1458A4A}.Debug|x64.Build.0 = Debug|x64
		{A56B7BEF-3337-4B10-AB32-627EE1458A4A}.Debug|x86.ActiveCfg = Debug|Win32
		{A56B7BEF-3337-4B10-AB32-627EE1458A4A}.Debug|x86.Build.0 = Debug|Win32
		{A56B7BEF-3337-4B10-AB32-627EE1458A4A}.Release|x64.ActiveCfg = Release|x64
		{A56B7BEF-3337-4B10-AB32-627EE1458A4A}.Release|x64.Build.0 = Release|x64
		{A56B7BEF-3337-4B10-AB32-627EE1458A4A}.Release|x86.ActiveCfg = Release|Win32
		{A56B7BEF-3337-4B10-AB32-627EE1458A4A}.Release|x86.Build.0 = Release|Win32
		{CC2D792D-3312-4AF1-88F7-C7463EEA81F6}.Debug|x64.ActiveCfg = Debug|x64
		{CC2D792D-3312-4AF1-88F7-C7463EEA81F6}.Debug|x64.Build.0 = Debug|x64
		{CC2D792D-3312-4AF1-88F7-C7463EEA81F6}.Debug|x86.ActiveCfg = Debug|Win32
		{CC2D792D-3312-4AF1-88F7-C7463EEA81F6}.Debug|x86.Build.0 = Debug|Win32
		{CC2D792D-3312-4AF1-88F7-C7463EEA81F6}.Release|x64.ActiveCfg = Release|x64
		{CC2D792D-3312-4AF1-88F7-C7463EEA81F6}.Release|x64.Build.0 = Release|x64
		{CC2D792D-3312-4AF1-88F7-C7463EEA81F6}.Release|x86.ActiveCfg = Release|Win32
		{CC2D792D-3312-4AF1-88F7-C7463EEA81F6}.Release|x86.Build.0 = Release|Win32
		{512A0D2B-33B0-4089-BC21-EDC32DD0BE40}.Debug|x64.ActiveCfg = Debug|x64
		{512A0D2B-33B0-4089-BC21-EDC32DD0BE40}.Debug|x64.Build.0 = Debug|x64
		{512A0D2B-33B0-4089-BC21-EDC32DD0BE40}.Debug|x86.ActiveCfg = Debug|Win32
		{512A0D2B-33B0-4089-BC21-EDC32DD0BE40}.Debug|x86.Build.0 = Debug|Win32
		{512A0D2B-33B0-4089-BC21-EDC32DD0BE40}.Release|x64.ActiveCfg = Release|x64
		{512A0D2B-33B0-4089-BC21-EDC32DD0BE40}.Release|x64.Build.0 = Release|x64
		{512A0D2B-33B0-4089-BC21-EDC32DD0BE40}.Release|x86.ActiveCfg = Release|Win32
		{512A0D2B-33B0-4089-BC21-EDC32DD0BE40}.Release|x86.Build.0 = Release|Win32
		{7653A93D-9F28-4670-A266-FBA5FB34C1E5}.Debug|x64.ActiveCfg = Debug|x64
		{7653A93D-9F28-4670-A266-FBA5FB34C1E5}.Debug|x64.Build.0 = Debug|x64
		{7653A93D-9F28-4670-A266-FBA5FB34C1E5}.Debug|x86.ActiveCfg = Debug|Win32
		{7653A93D-9F28-4670-A266-FBA5FB34C1E5}.Debug|x86.Build.0 = Debug|Win32
		{7653A93D-9F28-4670-A266-FBA5FB34C1E5}.Release|x64.ActiveCfg = Release|x64
		{7653A93D-9F28-4670-A266-FBA5FB34C1E5}.Release|x64.Build.0 = Release|x64
		{7653A93D-9F28-4670-A266-FBA5FB34C1E5}.Release|x86.ActiveCfg = Release|Win32
		{7653A93D-9F28-4670-A266-FBA5FB34C1E5}.Release|x86.Build.0 = Release|Win32
		{0C39C85C-869C-4A9E-996C-331E90DBAE09}.Debug|x64.ActiveCfg = Debug|x64
		{0C39C85C-869C-4A9E-996C-331E90DBAE09}.Debug|x64.Build.0 = Debug|x64
		{0C39C85C-869C-4A9E-996C-331E90DBAE09}.Debug|x86.ActiveCfg = Debug|Win32
		{0C39C85C-869C-4A9E-996C-331E90DBAE09}.Debug|x86.Build.0 = Debug|Win32
		{0C39C85C-869C-4A9E-996C-331E90DBAE09}.Release|x64.ActiveCfg = Release|x64
		{0C39C85C-869C-4A9E-996C-331E90DBAE09}.Release|x64.Build.0 = Release|x64
		{0C39C85C-869C-4A9E-996C-331E90DBAE09}.Release|x86.ActiveCfg = Release|Win32
		{0C39C85C-869C-4A9E-996C-331E90DBAE09}.Release|x86.Build.0 = Release|Win32
		{758E5283-D784-4D24-8058-8795EA138B26}.Debug|x64.ActiveCfg = Debug|x64
		{758E5283-D784-4D24-8058-8795EA138B26}.Debug|x64.Build.0 = Debug|x64
		{758E5283-D784-4D24-8058-8795EA138B26}.Debug|x86.ActiveCfg = Debug|Win32
		{758E5283-D784-4D24-8058-8795EA138B26}.Debug|x86.Build.0 = Debug|Win32
		{758E5283-D784-4D24-8058-8795EA138B26}.Release|x64.ActiveCfg = Release|x64
		{758E5283-D784-4D24-8058-8795EA138B26}.Release|x64.Build.0 = Release|x64
		{758E5283-D784-4D24-8058-8795EA138B26}.Release|x86.ActiveCfg = Release|Win32
		{758E5283-D784-4D24-8058-8795EA138B26}.Release|x86.Build.0 = Release|Win32
	EndGlobalSection
	GlobalSection(SolutionProperties) = preSolution
		HideSolutionNode = FALSE
	EndGlobalSection
	GlobalSection(NestedProjects) = preSolution
		{17A06DD5-6664-4F91-BD2D-6311EACAD809} = {BE774291-A689-402F-937E-8E2000CA1FD9}
		{691DCDFA-ABE9-406A-A9E9-C8AEEBE25B7D} = {BE774291-A689-402F-937E-8E2000CA1FD9}
		{E36D42C8-54BB-468A-AFA4-7C8A820DB677} = {BE774291-A689-402F-937E-8E2000CA1FD9}
		{0658E7E2-7887-4D9D-9157-C2E8BBFE2671} = {BE774291-A689-402F-937E-8E2000CA1FD9}
		{192F207C-4A42-4F08-A07A-E267A0A48D56} = {BE774291-A689-402F-937E-8E2000CA1FD9}
		{DCFCE4C8-73D8-4B07-9EA7-A911E51DED66} = {BE774291-A689-402F-937E-8E2000CA1FD9}
		{3211D04B-9330-432A-96A6-6ADDB21791CD} = {BE774291-A689-402F-937E-8E2000CA1FD9}
		{C0DEE7C4-5E8B-4F26-B135-8A0112424827} = {D7A13B5C-BE2A-4D41-97A8-926D77618608}
		{21F7C490-0EDB-453B-A1DA-85378257F808} = {C3C0A640-8AC6-40FA-91EA-62AC092D3FEF}
		{7C832253-7C9D-4F49-AAF9-82FFAA87D207} = {D7A13B5C-BE2A-4D41-97A8-926D77618608}
		{B745D075-0A90-47B7-B3BD-2FFB8F8EB9D7} = {BE774291-A689-402F-937E-8E2000CA1FD9}
		{77C8CBB5-4405-41D0-8F6E-9C7629A41F69} = {D7A13B5C-BE2A-4D41-97A8-926D77618608}
		{FB4041F6-D00A-4DCE-9126-62F7E2BCE859} = {C3C0A640-8AC6-40FA-91EA-62AC092D3FEF}
		{C445833D-747B-434D-BCE9-11551E303696} = {D7A13B5C-BE2A-4D41-97A8-926D77618608}
		{94FBF119-E4FE-4148-ADB4-525AD753FB6F} = {D7A13B5C-BE2A-4D41-97A8-926D77618608}
		{8067E6FF-7059-4FB4-A37A-54AD1686760C} = {BE774291-A689-402F-937E-8E2000CA1FD9}
		{E6E9C107-1722-47FB-874B-DB63A45784DA} = {BE774291-A689-402F-937E-8E2000CA1FD9}
		{0B15291D-81DE-45F0-A7DD-D13A177B0BD3} = {BE774291-A689-402F-937E-8E2000CA1FD9}
		{775DAD5F-003C-4E93-AD3A-A7951135C794} = {BE774291-A689-402F-937E-8E2000CA1FD9}
		{8B84FA09-E944-4B44-B605-058042F53017} = {BE774291-A689-402F-937E-8E2000CA1FD9}
		{DDF148FB-D1B1-4197-A38D-31C6E3DB5E22} = {B7269E36-3B02-46C1-8AC8-9A75D34B9187}
		{2280874D-485E-4748-940A-0CDAAA86C864} = {BE774291-A689-402F-937E-8E2000CA1FD9}
		{B578F01E-F55E-49A4-A630-171153FE1F27} = {BE774291-A689-402F-937E-8E2000CA1FD9}
		{A56B7BEF-3337-4B10-AB32-627EE1458A4A} = {BE774291-A689-402F-937E-8E2000CA1FD9}
		{CC2D792D-3312-4AF1-88F7-C7463EEA81F6} = {D7A13B5C-BE2A-4D41-97A8-926D77618608}
		{D7A13B5C-BE2A-4D41-97A8-926D77618608} = {BE774291-A689-402F-937E-8E2000CA1FD9}
		{C3C0A640-8AC6-40FA-91EA-62AC092D3FEF} = {BE774291-A689-402F-937E-8E2000CA1FD9}
		{512A0D2B-33B0-4089-BC21-EDC32DD0BE40} = {C3C0A640-8AC6-40FA-91EA-62AC092D3FEF}
		{7653A93D-9F28-4670-A266-FBA5FB34C1E5} = {BE774291-A689-402F-937E-8E2000CA1FD9}
		{0C39C85C-869C-4A9E-996C-331E90DBAE09} = {BE774291-A689-402F-937E-8E2000CA1FD9}
		{758E5283-D784-4D24-8058-8795EA138B26} = {C3C0A640-8AC6-40FA-91EA-62AC092D3FEF}
	EndGlobalSection
	GlobalSection(ExtensibilityGlobals) = postSolution
		SolutionGuid = {691B63D8-C463-432A-9D1F-B6408B3FDD16}
	EndGlobalSection
EndGlobal
